
Microsoft Visual Studio Solution File, Format Version 12.00
# Visual Studio Version 17
VisualStudioVersion = 17.0.32112.339
MinimumVisualStudioVersion = 10.0.40219.1
Project("{F2A71F9B-5D33-465A-A702-920D77279786}") = "Feliz.React.Msal", "Feliz.React.Msal\Feliz.React.Msal.fsproj", "{48C558DC-F576-4CD8-9C0E-6880471F8F7A}"
EndProject
Global
	GlobalSection(SolutionConfigurationPlatforms) = preSolution
		Debug|Any CPU = Debug|Any CPU
		Release|Any CPU = Release|Any CPU
	EndGlobalSection
	GlobalSection(ProjectConfigurationPlatforms) = postSolution
		{48C558DC-F576-4CD8-9C0E-6880471F8F7A}.Debug|Any CPU.ActiveCfg = Debug|Any CPU
		{48C558DC-F576-4CD8-9C0E-6880471F8F7A}.Debug|Any CPU.Build.0 = Debug|Any CPU
		{48C558DC-F576-4CD8-9C0E-6880471F8F7A}.Release|Any CPU.ActiveCfg = Release|Any CPU
		{48C558DC-F576-4CD8-9C0E-6880471F8F7A}.Release|Any CPU.Build.0 = Release|Any CPU
	EndGlobalSection
	GlobalSection(SolutionProperties) = preSolution
		HideSolutionNode = FALSE
	EndGlobalSection
	GlobalSection(ExtensibilityGlobals) = postSolution
		SolutionGuid = {6E9B5279-8082-4551-A79F-2431E9F0E364}
	EndGlobalSection
EndGlobal
