{
  "name": "Feliz.React.Msal",
  "lockfileVersion": 2,
  "requires": true,
  "packages": {
    "": {
      "dependencies": {
        "@azure/msal-react": "^1.4.0"
      }
    },
    "node_modules/@azure/msal-browser": {
      "version": "2.24.0",
      "resolved": "https://registry.npmjs.org/@azure/msal-browser/-/msal-browser-2.24.0.tgz",
      "integrity": "sha512-P4Z8mQ6hTuA9ss3HCltso7fRmuX1raaU6444G35c0FhaD6hfqViFYRa7hk16AiAs9HkUQHbBaL3gLjKMpX3heA==",
      "peer": true,
      "dependencies": {
        "@azure/msal-common": "^6.3.0"
      },
      "engines": {
        "node": ">=0.8.0"
      }
    },
    "node_modules/@azure/msal-common": {
      "version": "6.3.0",
      "resolved": "https://registry.npmjs.org/@azure/msal-common/-/msal-common-6.3.0.tgz",
      "integrity": "sha512-ZyLq9GdnLBi/83YpysE86TFKbA0TuvfNAN5Psqu20cdAjLo/4rw4ttiItdh1G//XeGErHk9qn57gi2AYU1b5/Q==",
      "peer": true,
      "engines": {
        "node": ">=0.8.0"
      }
    },
    "node_modules/@azure/msal-react": {
      "version": "1.4.0",
      "resolved": "https://registry.npmjs.org/@azure/msal-react/-/msal-react-1.4.0.tgz",
      "integrity": "sha512-8H6pjks3tHQmMuqa8pLM2YcEYzg9cQCV1K+ba+fJnQDtu4ksZPXLj9kXf7ioM6vX4KJSU+fJFfhlbECu4F6jCg==",
      "engines": {
        "node": ">=10"
      },
      "peerDependencies": {
        "@azure/msal-browser": "^2.24.0",
        "react": "^16.8.0 || ^17 || ^18"
      }
    },
    "node_modules/js-tokens": {
      "version": "4.0.0",
      "resolved": "https://registry.npmjs.org/js-tokens/-/js-tokens-4.0.0.tgz",
      "integrity": "sha512-RdJUflcE3cUzKiMqQgsCu06FPu9UdIJO0beYbPhHN4k6apgJtifcoCtT9bcxOpYBtpD2kCM6Sbzg4CausW/PKQ==",
      "peer": true
    },
    "node_modules/loose-envify": {
      "version": "1.4.0",
      "resolved": "https://registry.npmjs.org/loose-envify/-/loose-envify-1.4.0.tgz",
      "integrity": "sha512-lyuxPGr/Wfhrlem2CL/UcnUc1zcqKAImBDzukY7Y5F/yQiNdko6+fRLevlw1HgMySw7f611UIY408EtxRSoK3Q==",
      "peer": true,
      "dependencies": {
        "js-tokens": "^3.0.0 || ^4.0.0"
      },
      "bin": {
        "loose-envify": "cli.js"
      }
    },
    "node_modules/react": {
      "version": "18.1.0",
      "resolved": "https://registry.npmjs.org/react/-/react-18.1.0.tgz",
      "integrity": "sha512-4oL8ivCz5ZEPyclFQXaNksK3adutVS8l2xzZU0cqEFrE9Sb7fC0EFK5uEk74wIreL1DERyjvsU915j1pcT2uEQ==",
      "peer": true,
      "dependencies": {
        "loose-envify": "^1.1.0"
      },
      "engines": {
        "node": ">=0.10.0"
      }
    }
  },
  "dependencies": {
    "@azure/msal-browser": {
      "version": "2.24.0",
      "resolved": "https://registry.npmjs.org/@azure/msal-browser/-/msal-browser-2.24.0.tgz",
      "integrity": "sha512-P4Z8mQ6hTuA9ss3HCltso7fRmuX1raaU6444G35c0FhaD6hfqViFYRa7hk16AiAs9HkUQHbBaL3gLjKMpX3heA==",
      "peer": true,
      "requires": {
        "@azure/msal-common": "^6.3.0"
      }
    },
    "@azure/msal-common": {
      "version": "6.3.0",
      "resolved": "https://registry.npmjs.org/@azure/msal-common/-/msal-common-6.3.0.tgz",
      "integrity": "sha512-ZyLq9GdnLBi/83YpysE86TFKbA0TuvfNAN5Psqu20cdAjLo/4rw4ttiItdh1G//XeGErHk9qn57gi2AYU1b5/Q==",
      "peer": true
    },
    "@azure/msal-react": {
      "version": "1.4.0",
      "resolved": "https://registry.npmjs.org/@azure/msal-react/-/msal-react-1.4.0.tgz",
      "integrity": "sha512-8H6pjks3tHQmMuqa8pLM2YcEYzg9cQCV1K+ba+fJnQDtu4ksZPXLj9kXf7ioM6vX4KJSU+fJFfhlbECu4F6jCg==",
      "requires": {}
    },
    "js-tokens": {
      "version": "4.0.0",
      "resolved": "https://registry.npmjs.org/js-tokens/-/js-tokens-4.0.0.tgz",
      "integrity": "sha512-RdJUflcE3cUzKiMqQgsCu06FPu9UdIJO0beYbPhHN4k6apgJtifcoCtT9bcxOpYBtpD2kCM6Sbzg4CausW/PKQ==",
      "peer": true
    },
    "loose-envify": {
      "version": "1.4.0",
      "resolved": "https://registry.npmjs.org/loose-envify/-/loose-envify-1.4.0.tgz",
      "integrity": "sha512-lyuxPGr/Wfhrlem2CL/UcnUc1zcqKAImBDzukY7Y5F/yQiNdko6+fRLevlw1HgMySw7f611UIY408EtxRSoK3Q==",
      "peer": true,
      "requires": {
        "js-tokens": "^3.0.0 || ^4.0.0"
      }
    },
    "react": {
      "version": "18.1.0",
      "resolved": "https://registry.npmjs.org/react/-/react-18.1.0.tgz",
      "integrity": "sha512-4oL8ivCz5ZEPyclFQXaNksK3adutVS8l2xzZU0cqEFrE9Sb7fC0EFK5uEk74wIreL1DERyjvsU915j1pcT2uEQ==",
      "peer": true,
      "requires": {
        "loose-envify": "^1.1.0"
      }
    }
  }
}
